
Microsoft Visual Studio Solution File, Format Version 12.00
# Visual Studio Version 16
VisualStudioVersion = 16.0.32510.428
MinimumVisualStudioVersion = 10.0.40219.1
Project("{FAE04EC0-301F-11D3-BF4B-00C04F79EFBC}") = "PowerLine_Test", "PowerLine_Test.csproj", "{8BBB0F41-D90A-4604-A09C-410285FB79EE}"
EndProject
Global
	GlobalSection(SolutionConfigurationPlatforms) = preSolution
		Debug|Any CPU = Debug|Any CPU
		Release|Any CPU = Release|Any CPU
	EndGlobalSection
	GlobalSection(ProjectConfigurationPlatforms) = postSolution
		{8BBB0F41-D90A-4604-A09C-410285FB79EE}.Debug|Any CPU.ActiveCfg = Debug|Any CPU
		{8BBB0F41-D90A-4604-A09C-410285FB79EE}.Debug|Any CPU.Build.0 = Debug|Any CPU
		{8BBB0F41-D90A-4604-A09C-410285FB79EE}.Release|Any CPU.ActiveCfg = Release|Any CPU
		{8BBB0F41-D90A-4604-A09C-410285FB79EE}.Release|Any CPU.Build.0 = Release|Any CPU
	EndGlobalSection
	GlobalSection(SolutionProperties) = preSolution
		HideSolutionNode = FALSE
	EndGlobalSection
	GlobalSection(ExtensibilityGlobals) = postSolution
		SolutionGuid = {847291FD-47FE-4737-9AA7-0F26574584A6}
	EndGlobalSection
EndGlobal
